{
  "name": "@manhquy/dory",
  "version": "0.1.0-next.2",
  "lockfileVersion": 3,
  "requires": true,
  "packages": {
    "": {
      "name": "@manhquy/dory",
      "version": "0.1.0-next.2",
      "license": "MIT",
      "bin": {
        "dory-serve": "bin/dory-serve.js"
      },
      "engines": {
        "node": ">=22.14.0"
      }
    }
  }
}
